<?xml version="1.0" encoding="utf-8"?>
<Project ToolsVersion="4.0" xmlns="http://schemas.microsoft.com/developer/msbuild/2003">
  <ItemGroup>
    <ClInclude Include="Anemone\Window.h">
      <Filter>include</Filter>
    </ClInclude>
    <ClInclude Include="Anemone\Anemone.h">
      <Filter>include</Filter>
    </ClInclude>
    <ClInclude Include="Anemone\BufferObject.h">
      <Filter>include</Filter>
    </ClInclude>
    <ClInclude Include="Anemone\Font.h">
      <Filter>include</Filter>
    </ClInclude>
    <ClInclude Include="Anemone\Math.h">
      <Filter>include</Filter>
    </ClInclude>
    <ClInclude Include="Anemone\Renderer.h">
      <Filter>include</Filter>
    </ClInclude>
    <ClInclude Include="Anemone\ResourceManager.h">
      <Filter>include</Filter>
    </ClInclude>
    <ClInclude Include="Anemone\Shader.h">
      <Filter>include</Filter>
    </ClInclude>
    <ClInclude Include="Anemone\State.h">
      <Filter>include</Filter>
    </ClInclude>
    <ClInclude Include="Anemone\stb_image.h">
      <Filter>include</Filter>
    </ClInclude>
    <ClInclude Include="Anemone\Texture.h">
      <Filter>include</Filter>
    </ClInclude>
    <ClInclude Include="Anemone\Utilities.h">
      <Filter>include</Filter>
    </ClInclude>
    <ClInclude Include="Anemone\Event.h">
      <Filter>include</Filter>
    </ClInclude>
    <ClInclude Include="Anemone\utilities\QuadTree.h">
      <Filter>include\utilites</Filter>
    </ClInclude>
    <ClInclude Include="Anemone\utilities\Noise.h">
      <Filter>include\utilites</Filter>
    </ClInclude>
    <ClInclude Include="Anemone\utilities\Pathfinding.h">
      <Filter>include\utilites</Filter>
    </ClInclude>
    <ClInclude Include="Anemone\utilities\ECS.h">
      <Filter>include\utilites</Filter>
    </ClInclude>
    <ClInclude Include="Anemone\utilities\Animation.h">
      <Filter>include\utilites</Filter>
    </ClInclude>
    <ClInclude Include="Anemone\Manager.h">
      <Filter>include</Filter>
    </ClInclude>
    <ClInclude Include="Anemone\Camera.h">
      <Filter>include</Filter>
    </ClInclude>
    <ClInclude Include="Anemone\Particle.h">
      <Filter>include</Filter>
    </ClInclude>
    <ClInclude Include="Anemone\Base.h">
      <Filter>include</Filter>
    </ClInclude>
    <ClInclude Include="Anemone\Error.h">
      <Filter>include</Filter>
    </ClInclude>
  </ItemGroup>
  <ItemGroup>
    <Filter Include="include">
      <UniqueIdentifier>{aff11e0c-68a3-4e26-a77c-7eb9f8baa956}</UniqueIdentifier>
    </Filter>
    <Filter Include="src">
      <UniqueIdentifier>{db506a2c-e21b-4b0b-8663-46ee4ac7ce9a}</UniqueIdentifier>
    </Filter>
    <Filter Include="include\utilites">
      <UniqueIdentifier>{dd246fa8-af81-493f-946f-1de8c2c37555}</UniqueIdentifier>
    </Filter>
    <Filter Include="src\utilites">
      <UniqueIdentifier>{0ccfb968-7ec1-4d18-a514-f9a089c1bce3}</UniqueIdentifier>
    </Filter>
  </ItemGroup>
  <ItemGroup>
    <ClCompile Include="src\BufferObject.cpp">
      <Filter>src</Filter>
    </ClCompile>
    <ClCompile Include="src\Font.cpp">
      <Filter>src</Filter>
    </ClCompile>
    <ClCompile Include="src\Shader.cpp">
      <Filter>src</Filter>
    </ClCompile>
    <ClCompile Include="src\State.cpp">
      <Filter>src</Filter>
    </ClCompile>
    <ClCompile Include="src\stb_image.cpp">
      <Filter>src</Filter>
    </ClCompile>
    <ClCompile Include="src\Texture.cpp">
      <Filter>src</Filter>
    </ClCompile>
    <ClCompile Include="src\Utilities.cpp">
      <Filter>src</Filter>
    </ClCompile>
    <ClCompile Include="src\Window.cpp">
      <Filter>src</Filter>
    </ClCompile>
    <ClCompile Include="src\utilities\Noise.cpp">
      <Filter>src\utilites</Filter>
    </ClCompile>
    <ClCompile Include="src\utilities\Pathfinding.cpp">
      <Filter>src\utilites</Filter>
    </ClCompile>
    <ClCompile Include="src\utilities\Animation.cpp">
      <Filter>src\utilites</Filter>
    </ClCompile>
    <ClCompile Include="src\Event.cpp">
      <Filter>src</Filter>
    </ClCompile>
    <ClCompile Include="src\Manager.cpp">
      <Filter>src</Filter>
    </ClCompile>
    <ClCompile Include="src\Camera.cpp">
      <Filter>src</Filter>
    </ClCompile>
    <ClCompile Include="src\Math.cpp">
      <Filter>src</Filter>
    </ClCompile>
    <ClCompile Include="src\Particle.cpp">
      <Filter>src</Filter>
    </ClCompile>
    <ClCompile Include="src\gl3w.c">
      <Filter>src</Filter>
    </ClCompile>
    <ClCompile Include="src\Error.cpp">
      <Filter>src</Filter>
    </ClCompile>
  </ItemGroup>
</Project>