<?xml version="1.0" encoding="utf-8"?>
<Project ToolsVersion="4.0" xmlns="http://schemas.microsoft.com/developer/msbuild/2003">
  <ItemGroup>
    <Filter Include="Source Files">
      <UniqueIdentifier>{4FC737F1-C7A5-4376-A066-2A32D752A2FF}</UniqueIdentifier>
      <Extensions>cpp;c;cc;cxx;def;odl;idl;hpj;bat;asm;asmx</Extensions>
    </Filter>
    <Filter Include="Header Files">
      <UniqueIdentifier>{93995380-89BD-4b04-88EB-625FBE52EBFB}</UniqueIdentifier>
      <Extensions>h;hh;hpp;hxx;hm;inl;inc;xsd</Extensions>
    </Filter>
    <Filter Include="Resource Files">
      <UniqueIdentifier>{67DA6AB6-F800-4c08-8B7A-83BB121AAD01}</UniqueIdentifier>
      <Extensions>rc;ico;cur;bmp;dlg;rc2;rct;bin;rgs;gif;jpg;jpeg;jpe;resx;tiff;tif;png;wav;mfcribbon-ms</Extensions>
    </Filter>
    <Filter Include="Header Files\Graphics">
      <UniqueIdentifier>{62e98b72-2605-4199-8564-f42d8bbb5c9d}</UniqueIdentifier>
    </Filter>
    <Filter Include="Header Files\Physics">
      <UniqueIdentifier>{ba2ae22f-2efa-4251-9d08-49bf03a23408}</UniqueIdentifier>
    </Filter>
    <Filter Include="Header Files\Resource">
      <UniqueIdentifier>{76e68c65-cf64-471b-91b0-7bbfd28212e0}</UniqueIdentifier>
    </Filter>
    <Filter Include="Header Files\Entity">
      <UniqueIdentifier>{46cdb453-3210-4d95-bdcd-58f4c6e76392}</UniqueIdentifier>
    </Filter>
    <Filter Include="Header Files\Math">
      <UniqueIdentifier>{6783e09d-ad31-4456-99e4-ad10359d6148}</UniqueIdentifier>
    </Filter>
    <Filter Include="Header Files\Sound">
      <UniqueIdentifier>{c5f4bc62-5cf1-44df-9fa8-65fd75964149}</UniqueIdentifier>
    </Filter>
    <Filter Include="Source Files\Graphics">
      <UniqueIdentifier>{d2f722fc-e343-4b56-8580-d04d902c655d}</UniqueIdentifier>
    </Filter>
    <Filter Include="Source Files\Entity">
      <UniqueIdentifier>{e92e9ce6-e596-4900-bad1-5c6bcb96866c}</UniqueIdentifier>
    </Filter>
    <Filter Include="Source Files\Math">
      <UniqueIdentifier>{c623ae6c-ef24-4c5c-82bb-ae92bee9c067}</UniqueIdentifier>
    </Filter>
    <Filter Include="Source Files\Sound">
      <UniqueIdentifier>{b77e0ff3-3808-4d97-bb9f-11c16173ed48}</UniqueIdentifier>
    </Filter>
    <Filter Include="Source Files\Resource">
      <UniqueIdentifier>{c10c8eb1-bf85-4530-aedd-15014ec3ee71}</UniqueIdentifier>
    </Filter>
    <Filter Include="Source Files\Physics">
      <UniqueIdentifier>{3d723944-6c3c-4506-95ca-070023e2c37b}</UniqueIdentifier>
    </Filter>
    <Filter Include="Header Files\Graphics\Particles">
      <UniqueIdentifier>{aab12fd9-4b1a-4c25-8298-66774c4137ee}</UniqueIdentifier>
    </Filter>
    <Filter Include="Header Files\Graphics\Animation">
      <UniqueIdentifier>{3a6ff709-bebd-4105-a7df-b96d04e9d04a}</UniqueIdentifier>
    </Filter>
    <Filter Include="Source Files\Graphics\Particles">
      <UniqueIdentifier>{cb98171a-d398-47a8-b1fd-007c5ac46af1}</UniqueIdentifier>
    </Filter>
    <Filter Include="Header Files\System">
      <UniqueIdentifier>{7b1a3631-a832-4a1f-9065-139c9330975f}</UniqueIdentifier>
    </Filter>
    <Filter Include="Header Files\System\State">
      <UniqueIdentifier>{65427c5e-62c0-453a-ad55-a223c07f4814}</UniqueIdentifier>
    </Filter>
    <Filter Include="Source Files\System">
      <UniqueIdentifier>{4560525d-42b7-4b2f-9d23-20d140bdcc5a}</UniqueIdentifier>
    </Filter>
    <Filter Include="Source Files\System\State">
      <UniqueIdentifier>{ef2ade3f-a02a-46e8-9b70-118c10879ba6}</UniqueIdentifier>
    </Filter>
    <Filter Include="Source Files\Graphics\Animation">
      <UniqueIdentifier>{a9bb14e1-0e14-47ba-8dc2-b6abe861433f}</UniqueIdentifier>
    </Filter>
  </ItemGroup>
  <ItemGroup>
    <ClInclude Include="Anemone\Anemone.h">
      <Filter>Header Files</Filter>
    </ClInclude>
    <ClInclude Include="Anemone\BufferObject.h">
      <Filter>Header Files\Graphics</Filter>
    </ClInclude>
    <ClInclude Include="Anemone\Color.h">
      <Filter>Header Files\Graphics</Filter>
    </ClInclude>
    <ClInclude Include="Anemone\Component.h">
      <Filter>Header Files\Entity</Filter>
    </ClInclude>
    <ClInclude Include="Anemone\Emitter.h">
      <Filter>Header Files\Graphics\Particles</Filter>
    </ClInclude>
    <ClInclude Include="Anemone\Entity.h">
      <Filter>Header Files\Entity</Filter>
    </ClInclude>
    <ClInclude Include="Anemone\EntityManager.h">
      <Filter>Header Files\Entity</Filter>
    </ClInclude>
    <ClInclude Include="Anemone\Error.h">
      <Filter>Header Files\System</Filter>
    </ClInclude>
    <ClInclude Include="Anemone\File.h">
      <Filter>Header Files\System</Filter>
    </ClInclude>
    <ClInclude Include="Anemone\Frame.h">
      <Filter>Header Files\Graphics\Animation</Filter>
    </ClInclude>
    <ClInclude Include="Anemone\mat3.h">
      <Filter>Header Files\Math</Filter>
    </ClInclude>
    <ClInclude Include="Anemone\mat4.h">
      <Filter>Header Files\Math</Filter>
    </ClInclude>
    <ClInclude Include="Anemone\Math.h">
      <Filter>Header Files\Math</Filter>
    </ClInclude>
    <ClInclude Include="Anemone\Particle.h">
      <Filter>Header Files\Graphics\Particles</Filter>
    </ClInclude>
    <ClInclude Include="Anemone\ParticleManager.h">
      <Filter>Header Files\Graphics\Particles</Filter>
    </ClInclude>
    <ClInclude Include="Anemone\Renderer.h">
      <Filter>Header Files\Graphics</Filter>
    </ClInclude>
    <ClInclude Include="Anemone\ResourceManager.h">
      <Filter>Header Files\Resource</Filter>
    </ClInclude>
    <ClInclude Include="Anemone\Shader.h">
      <Filter>Header Files\Graphics</Filter>
    </ClInclude>
    <ClInclude Include="Anemone\ShaderBuilder.h">
      <Filter>Header Files\Graphics</Filter>
    </ClInclude>
    <ClInclude Include="Anemone\Sprite.h">
      <Filter>Header Files\Graphics</Filter>
    </ClInclude>
    <ClInclude Include="Anemone\SpriteManager.h">
      <Filter>Header Files\Graphics</Filter>
    </ClInclude>
    <ClInclude Include="Anemone\State.h">
      <Filter>Header Files\System\State</Filter>
    </ClInclude>
    <ClInclude Include="Anemone\StateManager.h">
      <Filter>Header Files\System\State</Filter>
    </ClInclude>
    <ClInclude Include="Anemone\stb_image.h">
      <Filter>Header Files\Graphics</Filter>
    </ClInclude>
    <ClInclude Include="Anemone\System.h">
      <Filter>Header Files\Entity</Filter>
    </ClInclude>
    <ClInclude Include="Anemone\SystemManager.h">
      <Filter>Header Files\Entity</Filter>
    </ClInclude>
    <ClInclude Include="Anemone\Texture.h">
      <Filter>Header Files\Graphics</Filter>
    </ClInclude>
    <ClInclude Include="Anemone\vec2.h">
      <Filter>Header Files\Math</Filter>
    </ClInclude>
    <ClInclude Include="Anemone\vec3.h">
      <Filter>Header Files\Math</Filter>
    </ClInclude>
    <ClInclude Include="Anemone\vec4.h">
      <Filter>Header Files\Math</Filter>
    </ClInclude>
    <ClInclude Include="Anemone\Window.h">
      <Filter>Header Files\System</Filter>
    </ClInclude>
    <ClInclude Include="Anemone\Animation.h">
      <Filter>Header Files\Graphics\Animation</Filter>
    </ClInclude>
    <ClInclude Include="Anemone\Quaternion.h">
      <Filter>Header Files\Graphics</Filter>
    </ClInclude>
  </ItemGroup>
  <ItemGroup>
    <ClCompile Include="Anemone\BufferObject.cpp">
      <Filter>Source Files\Graphics</Filter>
    </ClCompile>
    <ClCompile Include="Anemone\Color.cpp">
      <Filter>Source Files\Graphics</Filter>
    </ClCompile>
    <ClCompile Include="Anemone\Emitter.cpp">
      <Filter>Source Files\Graphics\Particles</Filter>
    </ClCompile>
    <ClCompile Include="Anemone\Entity.cpp">
      <Filter>Source Files\Entity</Filter>
    </ClCompile>
    <ClCompile Include="Anemone\Error.cpp">
      <Filter>Source Files\System</Filter>
    </ClCompile>
    <ClCompile Include="Anemone\File.cpp">
      <Filter>Source Files\System</Filter>
    </ClCompile>
    <ClCompile Include="Anemone\mat3.cpp">
      <Filter>Source Files\Math</Filter>
    </ClCompile>
    <ClCompile Include="Anemone\mat4.cpp">
      <Filter>Source Files\Math</Filter>
    </ClCompile>
    <ClCompile Include="Anemone\Math.cpp">
      <Filter>Source Files\Math</Filter>
    </ClCompile>
    <ClCompile Include="Anemone\Particle.cpp">
      <Filter>Source Files\Graphics\Particles</Filter>
    </ClCompile>
    <ClCompile Include="Anemone\ParticleManager.cpp">
      <Filter>Source Files\Graphics\Particles</Filter>
    </ClCompile>
    <ClCompile Include="Anemone\Renderer.cpp">
      <Filter>Source Files\Graphics</Filter>
    </ClCompile>
    <ClCompile Include="Anemone\ResourceManager.cpp">
      <Filter>Source Files\Resource</Filter>
    </ClCompile>
    <ClCompile Include="Anemone\Shader.cpp">
      <Filter>Source Files\Graphics</Filter>
    </ClCompile>
    <ClCompile Include="Anemone\ShaderBuilder.cpp">
      <Filter>Source Files\Graphics</Filter>
    </ClCompile>
    <ClCompile Include="Anemone\StateManager.cpp">
      <Filter>Source Files\System\State</Filter>
    </ClCompile>
    <ClCompile Include="Anemone\stb_image.c">
      <Filter>Source Files\Graphics</Filter>
    </ClCompile>
    <ClCompile Include="Anemone\System.cpp">
      <Filter>Source Files\Entity</Filter>
    </ClCompile>
    <ClCompile Include="Anemone\SystemManager.cpp">
      <Filter>Source Files\Entity</Filter>
    </ClCompile>
    <ClCompile Include="Anemone\Texture.cpp">
      <Filter>Source Files\Graphics</Filter>
    </ClCompile>
    <ClCompile Include="Anemone\vec2.cpp">
      <Filter>Source Files\Math</Filter>
    </ClCompile>
    <ClCompile Include="Anemone\vec3.cpp">
      <Filter>Source Files\Math</Filter>
    </ClCompile>
    <ClCompile Include="Anemone\vec4.cpp">
      <Filter>Source Files\Math</Filter>
    </ClCompile>
    <ClCompile Include="Anemone\Window.cpp">
      <Filter>Source Files\System</Filter>
    </ClCompile>
    <ClCompile Include="Anemone\Animation.cpp">
      <Filter>Source Files\Graphics\Animation</Filter>
    </ClCompile>
    <ClCompile Include="Anemone\Quaternion.cpp">
      <Filter>Source Files\Graphics</Filter>
    </ClCompile>
  </ItemGroup>
</Project>